
Microsoft Visual Studio Solution File, Format Version 12.00
# Visual Studio Version 17
VisualStudioVersion = 17.5.002.0
MinimumVisualStudioVersion = 10.0.40219.1
Project("{9A19103F-16F7-4668-BE54-9A1E7A4F7556}") = "QuadrasNatal.API", "QuadrasNatal.API\QuadrasNatal.API.csproj", "{E2F4693F-9440-4A91-8C9F-1578AA384DDF}"
EndProject
Project("{9A19103F-16F7-4668-BE54-9A1E7A4F7556}") = "QuadrasNatal.Application", "QuadrasNatal.Application\QuadrasNatal.Application.csproj", "{272DB935-1D2D-479B-B17C-C504198085D6}"
EndProject
Project("{9A19103F-16F7-4668-BE54-9A1E7A4F7556}") = "QuadrasNatal.Core", "QuadrasNatal.Core\QuadrasNatal.Core.csproj", "{3609B7B5-DA8B-4204-A4C6-B7812EADE9BE}"
EndProject
Project("{9A19103F-16F7-4668-BE54-9A1E7A4F7556}") = "QuadrasNatal.Infrastructure", "QuadrasNatal.Infrastructure\QuadrasNatal.Infrastructure.csproj", "{804AA949-A192-4393-9C93-93986B03D02C}"
EndProject
Global
	GlobalSection(SolutionConfigurationPlatforms) = preSolution
		Debug|Any CPU = Debug|Any CPU
		Release|Any CPU = Release|Any CPU
	EndGlobalSection
	GlobalSection(ProjectConfigurationPlatforms) = postSolution
		{E2F4693F-9440-4A91-8C9F-1578AA384DDF}.Debug|Any CPU.ActiveCfg = Debug|Any CPU
		{E2F4693F-9440-4A91-8C9F-1578AA384DDF}.Debug|Any CPU.Build.0 = Debug|Any CPU
		{E2F4693F-9440-4A91-8C9F-1578AA384DDF}.Release|Any CPU.ActiveCfg = Release|Any CPU
		{E2F4693F-9440-4A91-8C9F-1578AA384DDF}.Release|Any CPU.Build.0 = Release|Any CPU
		{272DB935-1D2D-479B-B17C-C504198085D6}.Debug|Any CPU.ActiveCfg = Debug|Any CPU
		{272DB935-1D2D-479B-B17C-C504198085D6}.Debug|Any CPU.Build.0 = Debug|Any CPU
		{272DB935-1D2D-479B-B17C-C504198085D6}.Release|Any CPU.ActiveCfg = Release|Any CPU
		{272DB935-1D2D-479B-B17C-C504198085D6}.Release|Any CPU.Build.0 = Release|Any CPU
		{3609B7B5-DA8B-4204-A4C6-B7812EADE9BE}.Debug|Any CPU.ActiveCfg = Debug|Any CPU
		{3609B7B5-DA8B-4204-A4C6-B7812EADE9BE}.Debug|Any CPU.Build.0 = Debug|Any CPU
		{3609B7B5-DA8B-4204-A4C6-B7812EADE9BE}.Release|Any CPU.ActiveCfg = Release|Any CPU
		{3609B7B5-DA8B-4204-A4C6-B7812EADE9BE}.Release|Any CPU.Build.0 = Release|Any CPU
		{804AA949-A192-4393-9C93-93986B03D02C}.Debug|Any CPU.ActiveCfg = Debug|Any CPU
		{804AA949-A192-4393-9C93-93986B03D02C}.Debug|Any CPU.Build.0 = Debug|Any CPU
		{804AA949-A192-4393-9C93-93986B03D02C}.Release|Any CPU.ActiveCfg = Release|Any CPU
		{804AA949-A192-4393-9C93-93986B03D02C}.Release|Any CPU.Build.0 = Release|Any CPU
	EndGlobalSection
	GlobalSection(SolutionProperties) = preSolution
		HideSolutionNode = FALSE
	EndGlobalSection
	GlobalSection(ExtensibilityGlobals) = postSolution
		SolutionGuid = {E421D69C-9601-4404-8A8F-62D598E140D8}
	EndGlobalSection
EndGlobal
